{
  "name": "nymph-examples",
  "version": "1.0.0",
  "lockfileVersion": 1,
  "requires": true,
  "dependencies": {
    "debug": {
      "version": "2.6.9",
      "resolved": "https://registry.npmjs.org/debug/-/debug-2.6.9.tgz",
      "integrity": "sha512-bC7ElrdJaJnPbAP+1EotYvqZsb3ecl5wi6Bfi6BJTUcNowp6cvspg0jXznRTKDjm/E7AdgFBVeAPVMNcKGsHMA==",
      "requires": {
        "ms": "2.0.0"
      }
    },
    "is-typedarray": {
      "version": "1.0.0",
      "resolved": "https://registry.npmjs.org/is-typedarray/-/is-typedarray-1.0.0.tgz",
      "integrity": "sha1-5HnICFjfDBsR3dppQPlgEfzaSpo="
    },
    "module-alias": {
      "version": "2.0.2",
      "resolved": "https://registry.npmjs.org/module-alias/-/module-alias-2.0.2.tgz",
      "integrity": "sha512-NVqqneaT3zSwAgHUIBXIt8Z3xFjrHRLNwAJm72RROflmsLRCq+07Rn39hVwNi0yNDfL1TrsK2Upji1QO5rWCXw=="
    },
    "ms": {
      "version": "2.0.0",
      "resolved": "https://registry.npmjs.org/ms/-/ms-2.0.0.tgz",
      "integrity": "sha1-VgiurfwAvmwpAd9fmGF4jeDVl8g="
    },
    "nan": {
      "version": "2.8.0",
      "resolved": "https://registry.npmjs.org/nan/-/nan-2.8.0.tgz",
      "integrity": "sha1-7XFfP+neArV6XmJS2QqWZ14fCFo="
    },
    "nymph-client": {
      "version": "3.0.1",
      "resolved": "https://registry.npmjs.org/nymph-client/-/nymph-client-3.0.1.tgz",
      "integrity": "sha512-6JXspmfp/Tel1VGh6gE/VJkyFBykG6M5Pxmj6Lu5/TmW79/bMz9DBCPAFLWda04jD9t5GPZOPLi/TpQYrYyE1Q=="
    },
    "nymph-client-node": {
      "version": "2.0.1",
      "resolved": "https://registry.npmjs.org/nymph-client-node/-/nymph-client-node-2.0.1.tgz",
      "integrity": "sha512-c24c7HY8J+6GpnAjDRPW9kVIgXuyjsLo/1qTjHqngfHrOzNZs2EGmOm+2zzj+oUHzShy1hTNNKGy/bsqvMjNfw==",
      "requires": {
        "module-alias": "2.0.2",
        "nymph-client": "3.0.1",
        "websocket": "1.0.25",
        "xmlhttprequest": "1.8.0",
        "xmlhttprequest-cookie": "0.9.4"
      }
    },
    "pform": {
      "version": "3.3.0",
      "resolved": "https://registry.npmjs.org/pform/-/pform-3.3.0.tgz",
      "integrity": "sha512-WBLWc72BlLu+fK/SZzAob1YGWrEzqfjScChpZJ1g4s7ARFXz4U6IX+QuJeROiI6TLSMWNUEFzhgIaJKzXuh85A=="
    },
    "tilmeld": {
      "version": "1.0.0-beta.4",
      "resolved": "https://registry.npmjs.org/tilmeld/-/tilmeld-1.0.0-beta.4.tgz",
      "integrity": "sha512-scq1hHcoM2rZ2GkipfS/GJFVPEJtenvkKCRolzHbtx78xeFvx7SAPEE8srpDhrH1Zje5Pdh2D9TrClq9GvavQg==",
      "requires": {
        "nymph-client": "3.0.1",
        "pform": "3.3.0"
      }
    },
    "typedarray-to-buffer": {
      "version": "3.1.2",
      "resolved": "https://registry.npmjs.org/typedarray-to-buffer/-/typedarray-to-buffer-3.1.2.tgz",
      "integrity": "sha1-EBezLZhP9VbroQD1AViauhrOLgQ=",
      "requires": {
        "is-typedarray": "1.0.0"
      }
    },
    "websocket": {
      "version": "1.0.25",
      "resolved": "https://registry.npmjs.org/websocket/-/websocket-1.0.25.tgz",
      "integrity": "sha512-M58njvi6ZxVb5k7kpnHh2BvNKuBWiwIYvsToErBzWhvBZYwlEiLcyLrG41T1jRcrY9ettqPYEqduLI7ul54CVQ==",
      "requires": {
        "debug": "2.6.9",
        "nan": "2.8.0",
        "typedarray-to-buffer": "3.1.2",
        "yaeti": "0.0.6"
      }
    },
    "xmlhttprequest": {
      "version": "1.8.0",
      "resolved": "https://registry.npmjs.org/xmlhttprequest/-/xmlhttprequest-1.8.0.tgz",
      "integrity": "sha1-Z/4HXFwk/vOfnWX197f+dRcZaPw="
    },
    "xmlhttprequest-cookie": {
      "version": "0.9.4",
      "resolved": "https://registry.npmjs.org/xmlhttprequest-cookie/-/xmlhttprequest-cookie-0.9.4.tgz",
      "integrity": "sha1-IFSNFdY/OyHryIbAdI638WmSMyI=",
      "requires": {
        "xmlhttprequest": "1.8.0"
      }
    },
    "yaeti": {
      "version": "0.0.6",
      "resolved": "https://registry.npmjs.org/yaeti/-/yaeti-0.0.6.tgz",
      "integrity": "sha1-8m9ITXJoTPQr7ft2lwqhYI+/lXc="
    }
  }
}
