{
  "name": "nymph-examples",
  "version": "1.0.0",
  "lockfileVersion": 1,
  "requires": true,
  "dependencies": {
    "debug": {
      "version": "2.6.9",
      "resolved": "https://registry.npmjs.org/debug/-/debug-2.6.9.tgz",
      "integrity": "sha512-bC7ElrdJaJnPbAP+1EotYvqZsb3ecl5wi6Bfi6BJTUcNowp6cvspg0jXznRTKDjm/E7AdgFBVeAPVMNcKGsHMA==",
      "requires": {
        "ms": "2.0.0"
      }
    },
    "is-typedarray": {
      "version": "1.0.0",
      "resolved": "https://registry.npmjs.org/is-typedarray/-/is-typedarray-1.0.0.tgz",
      "integrity": "sha1-5HnICFjfDBsR3dppQPlgEfzaSpo="
    },
    "locutus": {
      "version": "2.0.10",
      "resolved": "https://registry.npmjs.org/locutus/-/locutus-2.0.10.tgz",
      "integrity": "sha512-AZg2kCqrquMJ5FehDsBidV0qHl98NrsYtseUClzjAQ3HFnsDBJTCwGVplSQ82t9/QfgahqvTjaKcZqZkHmS0wQ=="
    },
    "module-alias": {
      "version": "2.2.0",
      "resolved": "https://registry.npmjs.org/module-alias/-/module-alias-2.2.0.tgz",
      "integrity": "sha512-O4bbvlZkHj2LUQhieQWWCr486ddc8X+WwRqi3QGnFKfknaxdHTOB7+xRgeyWHc6arpjgtT5SLLMMTFwUM3/x5w=="
    },
    "ms": {
      "version": "2.0.0",
      "resolved": "https://registry.npmjs.org/ms/-/ms-2.0.0.tgz",
      "integrity": "sha1-VgiurfwAvmwpAd9fmGF4jeDVl8g="
    },
    "nan": {
      "version": "2.13.2",
      "resolved": "https://registry.npmjs.org/nan/-/nan-2.13.2.tgz",
      "integrity": "sha512-TghvYc72wlMGMVMluVo9WRJc0mB8KxxF/gZ4YYFy7V2ZQX9l7rgbPg7vjS9mt6U5HXODVFVI2bOduCzwOMv/lw=="
    },
    "nymph-client": {
      "version": "4.0.0-beta.16",
      "resolved": "https://registry.npmjs.org/nymph-client/-/nymph-client-4.0.0-beta.16.tgz",
      "integrity": "sha512-B9cLnNPJSSDOUbnC8UCLz17i+DTtRHsNbqOaq7kp6lgd1rgUFiI/zIJEY4/ey89vI9I8NR9Ut225cejusW3hUQ=="
    },
    "nymph-client-node": {
      "version": "3.0.0-beta.1",
      "resolved": "https://registry.npmjs.org/nymph-client-node/-/nymph-client-node-3.0.0-beta.1.tgz",
      "integrity": "sha512-pFTqdddEKdxiFyT8vFqaCoRjtYlufBrN9ib1YHx0wNMCWu8UAubZXa+m9b6Pt8ZpSYWyY7/X9OH1oLUgveuTGQ==",
      "requires": {
        "nymph-client": "^4.0.0-beta.11",
        "websocket": "^1.0.26",
        "xmlhttprequest": "^1.8.0",
        "xmlhttprequest-cookie": "^0.9.7"
      }
    },
    "nymph-query-editor": {
      "version": "2.0.0-beta.2",
      "resolved": "https://registry.npmjs.org/nymph-query-editor/-/nymph-query-editor-2.0.0-beta.2.tgz",
      "integrity": "sha512-cuMfkn6/VCWlxWz0z4zW0+XL26p0xG6iAdRFc4ldPRE7WWF+30cUCr7NAQmSGb7qGKr74JC2HshTs7R2sStfyw==",
      "requires": {
        "locutus": "^2.0.9"
      }
    },
    "pform": {
      "version": "3.3.0",
      "resolved": "https://registry.npmjs.org/pform/-/pform-3.3.0.tgz",
      "integrity": "sha512-WBLWc72BlLu+fK/SZzAob1YGWrEzqfjScChpZJ1g4s7ARFXz4U6IX+QuJeROiI6TLSMWNUEFzhgIaJKzXuh85A=="
    },
    "tilmeld-client": {
      "version": "1.0.0-beta.23",
      "resolved": "https://registry.npmjs.org/tilmeld-client/-/tilmeld-client-1.0.0-beta.23.tgz",
      "integrity": "sha512-QVWM3xREje+aCbbm/CFGDqWkMvyqtKzg0+Brxk6ql8Vpf5/IoxcVcjv9QSrkQjhd5I6clq5+nd0Q5Sk7QcLM+w==",
      "requires": {
        "nymph-client": "^4.0.0-beta.13",
        "pform": "^3.3"
      }
    },
    "tilmeld-components": {
      "version": "1.0.0-beta.1",
      "resolved": "https://registry.npmjs.org/tilmeld-components/-/tilmeld-components-1.0.0-beta.1.tgz",
      "integrity": "sha512-8wai+NkGgL94uJtsK35bW5kFlh5cCWQSAVvjsCJ29UulhPR22bLq8s0brCE7XytAcmFlGeGCUJy9Jpe4vvzvSg==",
      "requires": {
        "nymph-client": "^4.0.0-beta.16",
        "pform": "^3.3",
        "tilmeld-client": "^1.0.0-beta.23"
      }
    },
    "typedarray-to-buffer": {
      "version": "3.1.5",
      "resolved": "https://registry.npmjs.org/typedarray-to-buffer/-/typedarray-to-buffer-3.1.5.tgz",
      "integrity": "sha512-zdu8XMNEDepKKR+XYOXAVPtWui0ly0NtohUscw+UmaHiAWT8hrV1rr//H6V+0DvJ3OQ19S979M0laLfX8rm82Q==",
      "requires": {
        "is-typedarray": "^1.0.0"
      }
    },
    "websocket": {
      "version": "1.0.28",
      "resolved": "https://registry.npmjs.org/websocket/-/websocket-1.0.28.tgz",
      "integrity": "sha512-00y/20/80P7H4bCYkzuuvvfDvh+dgtXi5kzDf3UcZwN6boTYaKvsrtZ5lIYm1Gsg48siMErd9M4zjSYfYFHTrA==",
      "requires": {
        "debug": "^2.2.0",
        "nan": "^2.11.0",
        "typedarray-to-buffer": "^3.1.5",
        "yaeti": "^0.0.6"
      }
    },
    "xmlhttprequest": {
      "version": "1.8.0",
      "resolved": "https://registry.npmjs.org/xmlhttprequest/-/xmlhttprequest-1.8.0.tgz",
      "integrity": "sha1-Z/4HXFwk/vOfnWX197f+dRcZaPw="
    },
    "xmlhttprequest-cookie": {
      "version": "0.9.8",
      "resolved": "https://registry.npmjs.org/xmlhttprequest-cookie/-/xmlhttprequest-cookie-0.9.8.tgz",
      "integrity": "sha512-dBWffSg8i4l0wC3idQhcETPhBz4vyT61GIvjnKJdg55TVV4Zb0U801pm8sEH3OzWB0ajW8pnwkPET2hHT/Jsew==",
      "requires": {
        "xmlhttprequest": ">=1.8.0"
      }
    },
    "yaeti": {
      "version": "0.0.6",
      "resolved": "https://registry.npmjs.org/yaeti/-/yaeti-0.0.6.tgz",
      "integrity": "sha1-8m9ITXJoTPQr7ft2lwqhYI+/lXc="
    }
  }
}
