{
  "name": "nymph-examples",
  "version": "1.0.0",
  "lockfileVersion": 1,
  "requires": true,
  "dependencies": {
    "debug": {
      "version": "2.6.9",
      "resolved": "https://registry.npmjs.org/debug/-/debug-2.6.9.tgz",
      "integrity": "sha512-bC7ElrdJaJnPbAP+1EotYvqZsb3ecl5wi6Bfi6BJTUcNowp6cvspg0jXznRTKDjm/E7AdgFBVeAPVMNcKGsHMA==",
      "requires": {
        "ms": "2.0.0"
      }
    },
    "is-typedarray": {
      "version": "1.0.0",
      "resolved": "https://registry.npmjs.org/is-typedarray/-/is-typedarray-1.0.0.tgz",
      "integrity": "sha1-5HnICFjfDBsR3dppQPlgEfzaSpo="
    },
    "module-alias": {
      "version": "2.0.1",
      "resolved": "https://registry.npmjs.org/module-alias/-/module-alias-2.0.1.tgz",
      "integrity": "sha512-4JTF+Ce5ZQDfl2+UU1xMh7kuUikh0zg8nprLID6bEybUvmnbXEjlZt6Caw8JVhPRI7TgFAx79wkRMMmMYGFIiw=="
    },
    "ms": {
      "version": "2.0.0",
      "resolved": "https://registry.npmjs.org/ms/-/ms-2.0.0.tgz",
      "integrity": "sha1-VgiurfwAvmwpAd9fmGF4jeDVl8g="
    },
    "nan": {
      "version": "2.7.0",
      "resolved": "https://registry.npmjs.org/nan/-/nan-2.7.0.tgz",
      "integrity": "sha1-2Vv3IeyHfgjbJ27T/G63j5CDrUY="
    },
    "nymph-client": {
      "version": "1.6.1",
      "resolved": "https://registry.npmjs.org/nymph-client/-/nymph-client-1.6.1.tgz",
      "integrity": "sha512-qG6chFfc5v6rmVZJ3K1KoBG18TdrZVUTsinZeqpmzHK6gxfm203Mi6B8itqWn2Pa+wyIW/77IiVr3IMLOql+tw=="
    },
    "nymph-client-node": {
      "version": "0.0.1-alpha1",
      "resolved": "https://registry.npmjs.org/nymph-client-node/-/nymph-client-node-0.0.1-alpha1.tgz",
      "integrity": "sha512-B0a8mj4MX38DLMTY77DSfsr+tMA4a3mONRp7f22sShJ4OsKXmJR8JmwMcSG2AKNVo4oVfflGlJjP3lT6/z+hNg==",
      "requires": {
        "module-alias": "2.0.1",
        "nymph-client": "1.6.1",
        "websocket": "1.0.24",
        "xmlhttprequest": "1.8.0"
      },
      "dependencies": {
        "nymph-client": {
          "version": "1.6.1",
          "resolved": "https://registry.npmjs.org/nymph-client/-/nymph-client-1.6.1.tgz",
          "integrity": "sha512-qG6chFfc5v6rmVZJ3K1KoBG18TdrZVUTsinZeqpmzHK6gxfm203Mi6B8itqWn2Pa+wyIW/77IiVr3IMLOql+tw=="
        }
      }
    },
    "typedarray-to-buffer": {
      "version": "3.1.2",
      "resolved": "https://registry.npmjs.org/typedarray-to-buffer/-/typedarray-to-buffer-3.1.2.tgz",
      "integrity": "sha1-EBezLZhP9VbroQD1AViauhrOLgQ=",
      "requires": {
        "is-typedarray": "1.0.0"
      }
    },
    "websocket": {
      "version": "1.0.24",
      "resolved": "https://registry.npmjs.org/websocket/-/websocket-1.0.24.tgz",
      "integrity": "sha1-dJA+dfJUW2suHeFCW8HJBZF6GJA=",
      "requires": {
        "debug": "2.6.9",
        "nan": "2.7.0",
        "typedarray-to-buffer": "3.1.2",
        "yaeti": "0.0.6"
      }
    },
    "xmlhttprequest": {
      "version": "1.8.0",
      "resolved": "https://registry.npmjs.org/xmlhttprequest/-/xmlhttprequest-1.8.0.tgz",
      "integrity": "sha1-Z/4HXFwk/vOfnWX197f+dRcZaPw="
    },
    "yaeti": {
      "version": "0.0.6",
      "resolved": "https://registry.npmjs.org/yaeti/-/yaeti-0.0.6.tgz",
      "integrity": "sha1-8m9ITXJoTPQr7ft2lwqhYI+/lXc="
    }
  }
}
